
Microsoft Visual Studio Solution File, Format Version 12.00
# Visual Studio 15
VisualStudioVersion = 15.0.28307.136
MinimumVisualStudioVersion = 10.0.40219.1
Project("{FAE04EC0-301F-11D3-BF4B-00C04F79EFBC}") = "SportsStore.WebUI", "SportsStore.WebUI\SportsStore.WebUI.csproj", "{E53C40FE-45DF-4FEC-A1E8-179E0F4227C5}"
EndProject
Project("{FAE04EC0-301F-11D3-BF4B-00C04F79EFBC}") = "SportsStore.UnitTests", "SportsStore.UnitTests\SportsStore.UnitTests.csproj", "{76D8A8D2-D279-474A-A8E0-4A7027ADB22D}"
EndProject
Project("{FAE04EC0-301F-11D3-BF4B-00C04F79EFBC}") = "SportsStore.Domain", "SportsStore.Domain\SportsStore.Domain.csproj", "{7986B89C-5DF7-4442-9317-C9EA3480012E}"
EndProject
Global
	GlobalSection(SolutionConfigurationPlatforms) = preSolution
		Debug|Any CPU = Debug|Any CPU
		Release|Any CPU = Release|Any CPU
	EndGlobalSection
	GlobalSection(ProjectConfigurationPlatforms) = postSolution
		{E53C40FE-45DF-4FEC-A1E8-179E0F4227C5}.Debug|Any CPU.ActiveCfg = Debug|Any CPU
		{E53C40FE-45DF-4FEC-A1E8-179E0F4227C5}.Debug|Any CPU.Build.0 = Debug|Any CPU
		{E53C40FE-45DF-4FEC-A1E8-179E0F4227C5}.Release|Any CPU.ActiveCfg = Release|Any CPU
		{E53C40FE-45DF-4FEC-A1E8-179E0F4227C5}.Release|Any CPU.Build.0 = Release|Any CPU
		{76D8A8D2-D279-474A-A8E0-4A7027ADB22D}.Debug|Any CPU.ActiveCfg = Debug|Any CPU
		{76D8A8D2-D279-474A-A8E0-4A7027ADB22D}.Debug|Any CPU.Build.0 = Debug|Any CPU
		{76D8A8D2-D279-474A-A8E0-4A7027ADB22D}.Release|Any CPU.ActiveCfg = Release|Any CPU
		{76D8A8D2-D279-474A-A8E0-4A7027ADB22D}.Release|Any CPU.Build.0 = Release|Any CPU
		{7986B89C-5DF7-4442-9317-C9EA3480012E}.Debug|Any CPU.ActiveCfg = Debug|Any CPU
		{7986B89C-5DF7-4442-9317-C9EA3480012E}.Debug|Any CPU.Build.0 = Debug|Any CPU
		{7986B89C-5DF7-4442-9317-C9EA3480012E}.Release|Any CPU.ActiveCfg = Release|Any CPU
		{7986B89C-5DF7-4442-9317-C9EA3480012E}.Release|Any CPU.Build.0 = Release|Any CPU
	EndGlobalSection
	GlobalSection(SolutionProperties) = preSolution
		HideSolutionNode = FALSE
	EndGlobalSection
	GlobalSection(ExtensibilityGlobals) = postSolution
		SolutionGuid = {78D443E7-02CE-4917-8AB7-7F096517F7F9}
	EndGlobalSection
EndGlobal
